
Microsoft Visual Studio Solution File, Format Version 12.00
# Visual Studio Version 17
VisualStudioVersion = 17.4.33110.190
MinimumVisualStudioVersion = 10.0.40219.1
Project("{FAE04EC0-301F-11D3-BF4B-00C04F79EFBC}") = "Geekfest2023TechAlert", "Geekfest2023TechAlert\Geekfest2023TechAlert.csproj", "{778D8EED-57CD-4C4C-BCD3-DBA88124D601}"
EndProject
Project("{FAE04EC0-301F-11D3-BF4B-00C04F79EFBC}") = "TechAlertChatBot", "TechAlertChatBot\TechAlertChatBot.csproj", "{791AD3AB-CEF2-48EA-9D12-B893C4CD8F64}"
EndProject
Global
	GlobalSection(SolutionConfigurationPlatforms) = preSolution
		Debug|Any CPU = Debug|Any CPU
		Release|Any CPU = Release|Any CPU
	EndGlobalSection
	GlobalSection(ProjectConfigurationPlatforms) = postSolution
		{778D8EED-57CD-4C4C-BCD3-DBA88124D601}.Debug|Any CPU.ActiveCfg = Debug|Any CPU
		{778D8EED-57CD-4C4C-BCD3-DBA88124D601}.Debug|Any CPU.Build.0 = Debug|Any CPU
		{778D8EED-57CD-4C4C-BCD3-DBA88124D601}.Release|Any CPU.ActiveCfg = Release|Any CPU
		{778D8EED-57CD-4C4C-BCD3-DBA88124D601}.Release|Any CPU.Build.0 = Release|Any CPU
		{791AD3AB-CEF2-48EA-9D12-B893C4CD8F64}.Debug|Any CPU.ActiveCfg = Debug|Any CPU
		{791AD3AB-CEF2-48EA-9D12-B893C4CD8F64}.Debug|Any CPU.Build.0 = Debug|Any CPU
		{791AD3AB-CEF2-48EA-9D12-B893C4CD8F64}.Release|Any CPU.ActiveCfg = Release|Any CPU
		{791AD3AB-CEF2-48EA-9D12-B893C4CD8F64}.Release|Any CPU.Build.0 = Release|Any CPU
	EndGlobalSection
	GlobalSection(SolutionProperties) = preSolution
		HideSolutionNode = FALSE
	EndGlobalSection
	GlobalSection(ExtensibilityGlobals) = postSolution
		SolutionGuid = {9EA6491C-2860-48B4-A562-500608E4A898}
	EndGlobalSection
EndGlobal
